// !$*UTF8*$!
{
	archiveVersion = 1;
	classes = {
	};
	objectVersion = 46;
	objects = {

/* Begin PBXAggregateTarget section */
		91242A82194FC6280008B97D /* Framework */ = {
			isa = PBXAggregateTarget;
			buildConfigurationList = 91242A83194FC6280008B97D /* Build configuration list for PBXAggregateTarget "Framework" */;
			buildPhases = (
				91242A88194FC69B0008B97D /* ShellScript */,
			);
			dependencies = (
				91242A87194FC6860008B97D /* PBXTargetDependency */,
			);
			name = Framework;
			productName = Framework;
		};
/* End PBXAggregateTarget section */

/* Begin PBXBuildFile section */
		91242A80194FC4680008B97D /* EdmodoConnectIOS.h in Headers */ = {isa = PBXBuildFile; fileRef = 91242A7E194FC3B70008B97D /* EdmodoConnectIOS.h */; settings = {ATTRIBUTES = (Public, ); }; };
		917CE964194FA984004B8054 /* Foundation.framework in Frameworks */ = {isa = PBXBuildFile; fileRef = 917CE963194FA984004B8054 /* Foundation.framework */; };
		917CE972194FA984004B8054 /* XCTest.framework in Frameworks */ = {isa = PBXBuildFile; fileRef = 917CE971194FA984004B8054 /* XCTest.framework */; };
		917CE973194FA984004B8054 /* Foundation.framework in Frameworks */ = {isa = PBXBuildFile; fileRef = 917CE963194FA984004B8054 /* Foundation.framework */; };
		917CE978194FA984004B8054 /* libEdmodoConnectIOS.a in Frameworks */ = {isa = PBXBuildFile; fileRef = 917CE960194FA984004B8054 /* libEdmodoConnectIOS.a */; };
		917CE97E194FA984004B8054 /* InfoPlist.strings in Resources */ = {isa = PBXBuildFile; fileRef = 917CE97C194FA984004B8054 /* InfoPlist.strings */; };
		917CE980194FA984004B8054 /* EdmodoConnectIOSTests.m in Sources */ = {isa = PBXBuildFile; fileRef = 917CE97F194FA984004B8054 /* EdmodoConnectIOSTests.m */; };
		917CE9A5194FA9FE004B8054 /* EMConnectDataStore.m in Sources */ = {isa = PBXBuildFile; fileRef = 917CE98E194FA9FE004B8054 /* EMConnectDataStore.m */; };
		917CE9A6194FA9FE004B8054 /* EMConnectLoginViewController.m in Sources */ = {isa = PBXBuildFile; fileRef = 917CE990194FA9FE004B8054 /* EMConnectLoginViewController.m */; };
		917CE9A7194FA9FE004B8054 /* EMErrorHelper.m in Sources */ = {isa = PBXBuildFile; fileRef = 917CE993194FA9FE004B8054 /* EMErrorHelper.m */; };
		917CE9A9194FA9FE004B8054 /* EMGroup.m in Sources */ = {isa = PBXBuildFile; fileRef = 917CE997194FA9FE004B8054 /* EMGroup.m */; };
		917CE9AA194FA9FE004B8054 /* EMLoginService.m in Sources */ = {isa = PBXBuildFile; fileRef = 917CE999194FA9FE004B8054 /* EMLoginService.m */; };
		917CE9AB194FA9FE004B8054 /* EMMockDataStore.m in Sources */ = {isa = PBXBuildFile; fileRef = 917CE99B194FA9FE004B8054 /* EMMockDataStore.m */; };
		917CE9AC194FA9FE004B8054 /* EMMockLoginViewController.m in Sources */ = {isa = PBXBuildFile; fileRef = 917CE99D194FA9FE004B8054 /* EMMockLoginViewController.m */; };
		917CE9AD194FA9FE004B8054 /* EMObjects.m in Sources */ = {isa = PBXBuildFile; fileRef = 917CE9A1194FA9FE004B8054 /* EMObjects.m */; };
		917CE9AE194FA9FE004B8054 /* EMUser.m in Sources */ = {isa = PBXBuildFile; fileRef = 917CE9A3194FA9FE004B8054 /* EMUser.m */; };
		917CE9B1194FAAB5004B8054 /* UIKit.framework in Frameworks */ = {isa = PBXBuildFile; fileRef = 917CE9B0194FAAB5004B8054 /* UIKit.framework */; };
/* End PBXBuildFile section */

/* Begin PBXContainerItemProxy section */
		91242A86194FC6860008B97D /* PBXContainerItemProxy */ = {
			isa = PBXContainerItemProxy;
			containerPortal = 917CE958194FA984004B8054 /* Project object */;
			proxyType = 1;
			remoteGlobalIDString = 917CE95F194FA984004B8054;
			remoteInfo = EdmodoConnectIOS;
		};
		917CE976194FA984004B8054 /* PBXContainerItemProxy */ = {
			isa = PBXContainerItemProxy;
			containerPortal = 917CE958194FA984004B8054 /* Project object */;
			proxyType = 1;
			remoteGlobalIDString = 917CE95F194FA984004B8054;
			remoteInfo = EdmodoConnectIOS;
		};
/* End PBXContainerItemProxy section */

/* Begin PBXCopyFilesBuildPhase section */
		917CE95E194FA984004B8054 /* CopyFiles */ = {
			isa = PBXCopyFilesBuildPhase;
			buildActionMask = 2147483647;
			dstPath = "include/$(PRODUCT_NAME)";
			dstSubfolderSpec = 16;
			files = (
			);
			runOnlyForDeploymentPostprocessing = 0;
		};
/* End PBXCopyFilesBuildPhase section */

/* Begin PBXFileReference section */
		91242A7E194FC3B70008B97D /* EdmodoConnectIOS.h */ = {isa = PBXFileReference; lastKnownFileType = sourcecode.c.h; path = EdmodoConnectIOS.h; sourceTree = "<group>"; };
		917CE960194FA984004B8054 /* libEdmodoConnectIOS.a */ = {isa = PBXFileReference; explicitFileType = archive.ar; includeInIndex = 0; path = libEdmodoConnectIOS.a; sourceTree = BUILT_PRODUCTS_DIR; };
		917CE963194FA984004B8054 /* Foundation.framework */ = {isa = PBXFileReference; lastKnownFileType = wrapper.framework; name = Foundation.framework; path = System/Library/Frameworks/Foundation.framework; sourceTree = SDKROOT; };
		917CE967194FA984004B8054 /* EdmodoConnectIOS-Prefix.pch */ = {isa = PBXFileReference; lastKnownFileType = sourcecode.c.h; path = "EdmodoConnectIOS-Prefix.pch"; sourceTree = "<group>"; };
		917CE970194FA984004B8054 /* EdmodoConnectIOSTests.xctest */ = {isa = PBXFileReference; explicitFileType = wrapper.cfbundle; includeInIndex = 0; path = EdmodoConnectIOSTests.xctest; sourceTree = BUILT_PRODUCTS_DIR; };
		917CE971194FA984004B8054 /* XCTest.framework */ = {isa = PBXFileReference; lastKnownFileType = wrapper.framework; name = XCTest.framework; path = Library/Frameworks/XCTest.framework; sourceTree = DEVELOPER_DIR; };
		917CE97B194FA984004B8054 /* EdmodoConnectIOSTests-Info.plist */ = {isa = PBXFileReference; lastKnownFileType = text.plist.xml; path = "EdmodoConnectIOSTests-Info.plist"; sourceTree = "<group>"; };
		917CE97D194FA984004B8054 /* en */ = {isa = PBXFileReference; lastKnownFileType = text.plist.strings; name = en; path = en.lproj/InfoPlist.strings; sourceTree = "<group>"; };
		917CE97F194FA984004B8054 /* EdmodoConnectIOSTests.m */ = {isa = PBXFileReference; lastKnownFileType = sourcecode.c.objc; path = EdmodoConnectIOSTests.m; sourceTree = "<group>"; };
		917CE989194FA9FE004B8054 /* EMBlockTypes.h */ = {isa = PBXFileReference; fileEncoding = 4; lastKnownFileType = sourcecode.c.h; path = EMBlockTypes.h; sourceTree = "<group>"; };
		917CE98D194FA9FE004B8054 /* EMConnectDataStore.h */ = {isa = PBXFileReference; fileEncoding = 4; lastKnownFileType = sourcecode.c.h; path = EMConnectDataStore.h; sourceTree = "<group>"; };
		917CE98E194FA9FE004B8054 /* EMConnectDataStore.m */ = {isa = PBXFileReference; fileEncoding = 4; lastKnownFileType = sourcecode.c.objc; path = EMConnectDataStore.m; sourceTree = "<group>"; };
		917CE98F194FA9FE004B8054 /* EMConnectLoginViewController.h */ = {isa = PBXFileReference; fileEncoding = 4; lastKnownFileType = sourcecode.c.h; path = EMConnectLoginViewController.h; sourceTree = "<group>"; };
		917CE990194FA9FE004B8054 /* EMConnectLoginViewController.m */ = {isa = PBXFileReference; fileEncoding = 4; lastKnownFileType = sourcecode.c.objc; path = EMConnectLoginViewController.m; sourceTree = "<group>"; };
		917CE991194FA9FE004B8054 /* EMDataStore.h */ = {isa = PBXFileReference; fileEncoding = 4; lastKnownFileType = sourcecode.c.h; path = EMDataStore.h; sourceTree = "<group>"; };
		917CE992194FA9FE004B8054 /* EMErrorHelper.h */ = {isa = PBXFileReference; fileEncoding = 4; lastKnownFileType = sourcecode.c.h; path = EMErrorHelper.h; sourceTree = "<group>"; };
		917CE993194FA9FE004B8054 /* EMErrorHelper.m */ = {isa = PBXFileReference; fileEncoding = 4; lastKnownFileType = sourcecode.c.objc; path = EMErrorHelper.m; sourceTree = "<group>"; };
		917CE996194FA9FE004B8054 /* EMGroup.h */ = {isa = PBXFileReference; fileEncoding = 4; lastKnownFileType = sourcecode.c.h; path = EMGroup.h; sourceTree = "<group>"; };
		917CE997194FA9FE004B8054 /* EMGroup.m */ = {isa = PBXFileReference; fileEncoding = 4; lastKnownFileType = sourcecode.c.objc; path = EMGroup.m; sourceTree = "<group>"; };
		917CE998194FA9FE004B8054 /* EMLoginService.h */ = {isa = PBXFileReference; fileEncoding = 4; lastKnownFileType = sourcecode.c.h; path = EMLoginService.h; sourceTree = "<group>"; };
		917CE999194FA9FE004B8054 /* EMLoginService.m */ = {isa = PBXFileReference; fileEncoding = 4; lastKnownFileType = sourcecode.c.objc; path = EMLoginService.m; sourceTree = "<group>"; };
		917CE99A194FA9FE004B8054 /* EMMockDataStore.h */ = {isa = PBXFileReference; fileEncoding = 4; lastKnownFileType = sourcecode.c.h; path = EMMockDataStore.h; sourceTree = "<group>"; };
		917CE99B194FA9FE004B8054 /* EMMockDataStore.m */ = {isa = PBXFileReference; fileEncoding = 4; lastKnownFileType = sourcecode.c.objc; path = EMMockDataStore.m; sourceTree = "<group>"; };
		917CE99C194FA9FE004B8054 /* EMMockLoginViewController.h */ = {isa = PBXFileReference; fileEncoding = 4; lastKnownFileType = sourcecode.c.h; path = EMMockLoginViewController.h; sourceTree = "<group>"; };
		917CE99D194FA9FE004B8054 /* EMMockLoginViewController.m */ = {isa = PBXFileReference; fileEncoding = 4; lastKnownFileType = sourcecode.c.objc; path = EMMockLoginViewController.m; sourceTree = "<group>"; };
		917CE9A0194FA9FE004B8054 /* EMObjects.h */ = {isa = PBXFileReference; fileEncoding = 4; lastKnownFileType = sourcecode.c.h; path = EMObjects.h; sourceTree = "<group>"; };
		917CE9A1194FA9FE004B8054 /* EMObjects.m */ = {isa = PBXFileReference; fileEncoding = 4; lastKnownFileType = sourcecode.c.objc; path = EMObjects.m; sourceTree = "<group>"; };
		917CE9A2194FA9FE004B8054 /* EMUser.h */ = {isa = PBXFileReference; fileEncoding = 4; lastKnownFileType = sourcecode.c.h; path = EMUser.h; sourceTree = "<group>"; };
		917CE9A3194FA9FE004B8054 /* EMUser.m */ = {isa = PBXFileReference; fileEncoding = 4; lastKnownFileType = sourcecode.c.objc; path = EMUser.m; sourceTree = "<group>"; };
		917CE9B0194FAAB5004B8054 /* UIKit.framework */ = {isa = PBXFileReference; lastKnownFileType = wrapper.framework; name = UIKit.framework; path = System/Library/Frameworks/UIKit.framework; sourceTree = SDKROOT; };
/* End PBXFileReference section */

/* Begin PBXFrameworksBuildPhase section */
		917CE95D194FA984004B8054 /* Frameworks */ = {
			isa = PBXFrameworksBuildPhase;
			buildActionMask = 2147483647;
			files = (
				917CE9B1194FAAB5004B8054 /* UIKit.framework in Frameworks */,
				917CE964194FA984004B8054 /* Foundation.framework in Frameworks */,
			);
			runOnlyForDeploymentPostprocessing = 0;
		};
		917CE96D194FA984004B8054 /* Frameworks */ = {
			isa = PBXFrameworksBuildPhase;
			buildActionMask = 2147483647;
			files = (
				917CE978194FA984004B8054 /* libEdmodoConnectIOS.a in Frameworks */,
				917CE972194FA984004B8054 /* XCTest.framework in Frameworks */,
				917CE973194FA984004B8054 /* Foundation.framework in Frameworks */,
			);
			runOnlyForDeploymentPostprocessing = 0;
		};
/* End PBXFrameworksBuildPhase section */

/* Begin PBXGroup section */
		917CE957194FA984004B8054 = {
			isa = PBXGroup;
			children = (
				917CE965194FA984004B8054 /* EdmodoConnectIOS */,
				917CE979194FA984004B8054 /* EdmodoConnectIOSTests */,
				917CE962194FA984004B8054 /* Frameworks */,
				917CE961194FA984004B8054 /* Products */,
			);
			sourceTree = "<group>";
		};
		917CE961194FA984004B8054 /* Products */ = {
			isa = PBXGroup;
			children = (
				917CE960194FA984004B8054 /* libEdmodoConnectIOS.a */,
				917CE970194FA984004B8054 /* EdmodoConnectIOSTests.xctest */,
			);
			name = Products;
			sourceTree = "<group>";
		};
		917CE962194FA984004B8054 /* Frameworks */ = {
			isa = PBXGroup;
			children = (
				917CE9B0194FAAB5004B8054 /* UIKit.framework */,
				917CE963194FA984004B8054 /* Foundation.framework */,
				917CE971194FA984004B8054 /* XCTest.framework */,
			);
			name = Frameworks;
			sourceTree = "<group>";
		};
		917CE965194FA984004B8054 /* EdmodoConnectIOS */ = {
			isa = PBXGroup;
			children = (
				91242A7E194FC3B70008B97D /* EdmodoConnectIOS.h */,
				917CE989194FA9FE004B8054 /* EMBlockTypes.h */,
				917CE98D194FA9FE004B8054 /* EMConnectDataStore.h */,
				917CE98F194FA9FE004B8054 /* EMConnectLoginViewController.h */,
				917CE991194FA9FE004B8054 /* EMDataStore.h */,
				917CE992194FA9FE004B8054 /* EMErrorHelper.h */,
				917CE996194FA9FE004B8054 /* EMGroup.h */,
				917CE998194FA9FE004B8054 /* EMLoginService.h */,
				917CE99A194FA9FE004B8054 /* EMMockDataStore.h */,
				917CE99C194FA9FE004B8054 /* EMMockLoginViewController.h */,
				917CE9A0194FA9FE004B8054 /* EMObjects.h */,
				917CE9A2194FA9FE004B8054 /* EMUser.h */,
				917CE98E194FA9FE004B8054 /* EMConnectDataStore.m */,
				917CE990194FA9FE004B8054 /* EMConnectLoginViewController.m */,
				917CE993194FA9FE004B8054 /* EMErrorHelper.m */,
				917CE997194FA9FE004B8054 /* EMGroup.m */,
				917CE999194FA9FE004B8054 /* EMLoginService.m */,
				917CE99B194FA9FE004B8054 /* EMMockDataStore.m */,
				917CE99D194FA9FE004B8054 /* EMMockLoginViewController.m */,
				917CE9A1194FA9FE004B8054 /* EMObjects.m */,
				917CE9A3194FA9FE004B8054 /* EMUser.m */,
				917CE966194FA984004B8054 /* Supporting Files */,
			);
			path = EdmodoConnectIOS;
			sourceTree = "<group>";
		};
		917CE966194FA984004B8054 /* Supporting Files */ = {
			isa = PBXGroup;
			children = (
				917CE967194FA984004B8054 /* EdmodoConnectIOS-Prefix.pch */,
			);
			name = "Supporting Files";
			sourceTree = "<group>";
		};
		917CE979194FA984004B8054 /* EdmodoConnectIOSTests */ = {
			isa = PBXGroup;
			children = (
				917CE97F194FA984004B8054 /* EdmodoConnectIOSTests.m */,
				917CE97A194FA984004B8054 /* Supporting Files */,
			);
			path = EdmodoConnectIOSTests;
			sourceTree = "<group>";
		};
		917CE97A194FA984004B8054 /* Supporting Files */ = {
			isa = PBXGroup;
			children = (
				917CE97B194FA984004B8054 /* EdmodoConnectIOSTests-Info.plist */,
				917CE97C194FA984004B8054 /* InfoPlist.strings */,
			);
			name = "Supporting Files";
			sourceTree = "<group>";
		};
/* End PBXGroup section */

/* Begin PBXHeadersBuildPhase section */
		91242A7F194FC4490008B97D /* Headers */ = {
			isa = PBXHeadersBuildPhase;
			buildActionMask = 2147483647;
			files = (
				91242A80194FC4680008B97D /* EdmodoConnectIOS.h in Headers */,
			);
			runOnlyForDeploymentPostprocessing = 0;
		};
/* End PBXHeadersBuildPhase section */

/* Begin PBXNativeTarget section */
		917CE95F194FA984004B8054 /* EdmodoConnectIOS */ = {
			isa = PBXNativeTarget;
			buildConfigurationList = 917CE983194FA984004B8054 /* Build configuration list for PBXNativeTarget "EdmodoConnectIOS" */;
			buildPhases = (
				917CE95C194FA984004B8054 /* Sources */,
				917CE95D194FA984004B8054 /* Frameworks */,
				917CE95E194FA984004B8054 /* CopyFiles */,
				91242A7F194FC4490008B97D /* Headers */,
				91242A81194FC5390008B97D /* ShellScript */,
			);
			buildRules = (
			);
			dependencies = (
			);
			name = EdmodoConnectIOS;
			productName = EdmodoConnectIOS;
			productReference = 917CE960194FA984004B8054 /* libEdmodoConnectIOS.a */;
			productType = "com.apple.product-type.library.static";
		};
		917CE96F194FA984004B8054 /* EdmodoConnectIOSTests */ = {
			isa = PBXNativeTarget;
			buildConfigurationList = 917CE986194FA984004B8054 /* Build configuration list for PBXNativeTarget "EdmodoConnectIOSTests" */;
			buildPhases = (
				917CE96C194FA984004B8054 /* Sources */,
				917CE96D194FA984004B8054 /* Frameworks */,
				917CE96E194FA984004B8054 /* Resources */,
			);
			buildRules = (
			);
			dependencies = (
				917CE977194FA984004B8054 /* PBXTargetDependency */,
			);
			name = EdmodoConnectIOSTests;
			productName = EdmodoConnectIOSTests;
			productReference = 917CE970194FA984004B8054 /* EdmodoConnectIOSTests.xctest */;
			productType = "com.apple.product-type.bundle.unit-test";
		};
/* End PBXNativeTarget section */

/* Begin PBXProject section */
		917CE958194FA984004B8054 /* Project object */ = {
			isa = PBXProject;
			attributes = {
				LastUpgradeCheck = 0510;
				ORGANIZATIONNAME = "Doug Banks";
			};
			buildConfigurationList = 917CE95B194FA984004B8054 /* Build configuration list for PBXProject "EdmodoConnectIOS" */;
			compatibilityVersion = "Xcode 3.2";
			developmentRegion = English;
			hasScannedForEncodings = 0;
			knownRegions = (
				en,
			);
			mainGroup = 917CE957194FA984004B8054;
			productRefGroup = 917CE961194FA984004B8054 /* Products */;
			projectDirPath = "";
			projectRoot = "";
			targets = (
				917CE95F194FA984004B8054 /* EdmodoConnectIOS */,
				917CE96F194FA984004B8054 /* EdmodoConnectIOSTests */,
				91242A82194FC6280008B97D /* Framework */,
			);
		};
/* End PBXProject section */

/* Begin PBXResourcesBuildPhase section */
		917CE96E194FA984004B8054 /* Resources */ = {
			isa = PBXResourcesBuildPhase;
			buildActionMask = 2147483647;
			files = (
				917CE97E194FA984004B8054 /* InfoPlist.strings in Resources */,
			);
			runOnlyForDeploymentPostprocessing = 0;
		};
/* End PBXResourcesBuildPhase section */

/* Begin PBXShellScriptBuildPhase section */
		91242A81194FC5390008B97D /* ShellScript */ = {
			isa = PBXShellScriptBuildPhase;
			buildActionMask = 2147483647;
			files = (
			);
			inputPaths = (
			);
			outputPaths = (
			);
			runOnlyForDeploymentPostprocessing = 0;
			shellPath = /bin/sh;
			shellScript = "set -e\n\nmkdir -p \"${BUILT_PRODUCTS_DIR}/${PRODUCT_NAME}.framework/Versions/A/Headers\"\n\n# Link the \"Current\" version to \"A\"\n/bin/ln -sfh A \"${BUILT_PRODUCTS_DIR}/${PRODUCT_NAME}.framework/Versions/Current\"\n/bin/ln -sfh Versions/Current/Headers \"${BUILT_PRODUCTS_DIR}/${PRODUCT_NAME}.framework/Headers\"\n/bin/ln -sfh \"Versions/Current/${PRODUCT_NAME}\" \"${BUILT_PRODUCTS_DIR}/${PRODUCT_NAME}.framework/${PRODUCT_NAME}\"\n\n# The -a ensures that the headers maintain the source modification date so that we don't constantly\n# cause propagating rebuilds of files that import these headers.\n/bin/cp -a \"${TARGET_BUILD_DIR}/${PUBLIC_HEADERS_FOLDER_PATH}/\" \"${BUILT_PRODUCTS_DIR}/${PRODUCT_NAME}.framework/Versions/A/Headers\"\n";
		};
		91242A88194FC69B0008B97D /* ShellScript */ = {
			isa = PBXShellScriptBuildPhase;
			buildActionMask = 2147483647;
			files = (
			);
			inputPaths = (
			);
			outputPaths = (
			);
			runOnlyForDeploymentPostprocessing = 0;
			shellPath = /bin/sh;
			shellScript = "set -e\nset +u\n# Avoid recursively calling this script.\nif [[ $SF_MASTER_SCRIPT_RUNNING ]]\nthen\nexit 0\nfi\nset -u\nexport SF_MASTER_SCRIPT_RUNNING=1\n\nSF_TARGET_NAME=${PROJECT_NAME}\nSF_EXECUTABLE_PATH=\"lib${SF_TARGET_NAME}.a\"\nSF_WRAPPER_NAME=\"${SF_TARGET_NAME}.framework\"\n\n# The following conditionals come from\n# https://github.com/kstenerud/iOS-Universal-Framework\n\nif [[ \"$SDK_NAME\" =~ ([A-Za-z]+) ]]\nthen\nSF_SDK_PLATFORM=${BASH_REMATCH[1]}\nelse\necho \"Could not find platform name from SDK_NAME: $SDK_NAME\"\nexit 1\nfi\n\nif [[ \"$SDK_NAME\" =~ ([0-9]+.*$) ]]\nthen\nSF_SDK_VERSION=${BASH_REMATCH[1]}\nelse\necho \"Could not find sdk version from SDK_NAME: $SDK_NAME\"\nexit 1\nfi\n\nif [[ \"$SF_SDK_PLATFORM\" = \"iphoneos\" ]]\nthen\nSF_OTHER_PLATFORM=iphonesimulator\nelse\nSF_OTHER_PLATFORM=iphoneos\nfi\n\nif [[ \"$BUILT_PRODUCTS_DIR\" =~ (.*)$SF_SDK_PLATFORM$ ]]\nthen\nSF_OTHER_BUILT_PRODUCTS_DIR=\"${BASH_REMATCH[1]}${SF_OTHER_PLATFORM}\"\nelse\necho \"Could not find platform name from build products directory: $BUILT_PRODUCTS_DIR\"\nexit 1\nfi\n\n# Build the other platform.\nxcrun xcodebuild -project \"${PROJECT_FILE_PATH}\" -target \"${TARGET_NAME}\" -configuration \"${CONFIGURATION}\" -sdk ${SF_OTHER_PLATFORM}${SF_SDK_VERSION} BUILD_DIR=\"${BUILD_DIR}\" OBJROOT=\"${OBJROOT}\" BUILD_ROOT=\"${BUILD_ROOT}\" SYMROOT=\"${SYMROOT}\" $ACTION\n\n# Smash the two static libraries into one fat binary and store it in the .framework\nxcrun lipo -create \"${BUILT_PRODUCTS_DIR}/${SF_EXECUTABLE_PATH}\" \"${SF_OTHER_BUILT_PRODUCTS_DIR}/${SF_EXECUTABLE_PATH}\" -output \"${BUILT_PRODUCTS_DIR}/${SF_WRAPPER_NAME}/Versions/A/${SF_TARGET_NAME}\"\n\n# Copy the binary to the other architecture folder to have a complete framework in both.\ncp -a \"${BUILT_PRODUCTS_DIR}/${SF_WRAPPER_NAME}/Versions/A/${SF_TARGET_NAME}\" \"${SF_OTHER_BUILT_PRODUCTS_DIR}/${SF_WRAPPER_NAME}/Versions/A/${SF_TARGET_NAME}\"\n";
		};
/* End PBXShellScriptBuildPhase section */

/* Begin PBXSourcesBuildPhase section */
		917CE95C194FA984004B8054 /* Sources */ = {
			isa = PBXSourcesBuildPhase;
			buildActionMask = 2147483647;
			files = (
				917CE9AC194FA9FE004B8054 /* EMMockLoginViewController.m in Sources */,
				917CE9A5194FA9FE004B8054 /* EMConnectDataStore.m in Sources */,
				917CE9A9194FA9FE004B8054 /* EMGroup.m in Sources */,
				917CE9AD194FA9FE004B8054 /* EMObjects.m in Sources */,
				917CE9A6194FA9FE004B8054 /* EMConnectLoginViewController.m in Sources */,
				917CE9AE194FA9FE004B8054 /* EMUser.m in Sources */,
				917CE9A7194FA9FE004B8054 /* EMErrorHelper.m in Sources */,
				917CE9AA194FA9FE004B8054 /* EMLoginService.m in Sources */,
				917CE9AB194FA9FE004B8054 /* EMMockDataStore.m in Sources */,
			);
			runOnlyForDeploymentPostprocessing = 0;
		};
		917CE96C194FA984004B8054 /* Sources */ = {
			isa = PBXSourcesBuildPhase;
			buildActionMask = 2147483647;
			files = (
				917CE980194FA984004B8054 /* EdmodoConnectIOSTests.m in Sources */,
			);
			runOnlyForDeploymentPostprocessing = 0;
		};
/* End PBXSourcesBuildPhase section */

/* Begin PBXTargetDependency section */
		91242A87194FC6860008B97D /* PBXTargetDependency */ = {
			isa = PBXTargetDependency;
			target = 917CE95F194FA984004B8054 /* EdmodoConnectIOS */;
			targetProxy = 91242A86194FC6860008B97D /* PBXContainerItemProxy */;
		};
		917CE977194FA984004B8054 /* PBXTargetDependency */ = {
			isa = PBXTargetDependency;
			target = 917CE95F194FA984004B8054 /* EdmodoConnectIOS */;
			targetProxy = 917CE976194FA984004B8054 /* PBXContainerItemProxy */;
		};
/* End PBXTargetDependency section */

/* Begin PBXVariantGroup section */
		917CE97C194FA984004B8054 /* InfoPlist.strings */ = {
			isa = PBXVariantGroup;
			children = (
				917CE97D194FA984004B8054 /* en */,
			);
			name = InfoPlist.strings;
			sourceTree = "<group>";
		};
/* End PBXVariantGroup section */

/* Begin XCBuildConfiguration section */
		91242A84194FC6280008B97D /* Debug */ = {
			isa = XCBuildConfiguration;
			buildSettings = {
				PRODUCT_NAME = "$(TARGET_NAME)";
			};
			name = Debug;
		};
		91242A85194FC6280008B97D /* Release */ = {
			isa = XCBuildConfiguration;
			buildSettings = {
				PRODUCT_NAME = "$(TARGET_NAME)";
			};
			name = Release;
		};
		917CE981194FA984004B8054 /* Debug */ = {
			isa = XCBuildConfiguration;
			buildSettings = {
				ALWAYS_SEARCH_USER_PATHS = NO;
				CLANG_CXX_LANGUAGE_STANDARD = "gnu++0x";
				CLANG_CXX_LIBRARY = "libc++";
				CLANG_ENABLE_MODULES = YES;
				CLANG_ENABLE_OBJC_ARC = YES;
				CLANG_WARN_BOOL_CONVERSION = YES;
				CLANG_WARN_CONSTANT_CONVERSION = YES;
				CLANG_WARN_DIRECT_OBJC_ISA_USAGE = YES_ERROR;
				CLANG_WARN_EMPTY_BODY = YES;
				CLANG_WARN_ENUM_CONVERSION = YES;
				CLANG_WARN_INT_CONVERSION = YES;
				CLANG_WARN_OBJC_ROOT_CLASS = YES_ERROR;
				CLANG_WARN__DUPLICATE_METHOD_MATCH = YES;
				COPY_PHASE_STRIP = NO;
				GCC_C_LANGUAGE_STANDARD = gnu99;
				GCC_DYNAMIC_NO_PIC = NO;
				GCC_OPTIMIZATION_LEVEL = 0;
				GCC_PREPROCESSOR_DEFINITIONS = (
					"DEBUG=1",
					"$(inherited)",
				);
				GCC_SYMBOLS_PRIVATE_EXTERN = NO;
				GCC_WARN_64_TO_32_BIT_CONVERSION = YES;
				GCC_WARN_ABOUT_RETURN_TYPE = YES_ERROR;
				GCC_WARN_UNDECLARED_SELECTOR = YES;
				GCC_WARN_UNINITIALIZED_AUTOS = YES_AGGRESSIVE;
				GCC_WARN_UNUSED_FUNCTION = YES;
				GCC_WARN_UNUSED_VARIABLE = YES;
				IPHONEOS_DEPLOYMENT_TARGET = 7.1;
				ONLY_ACTIVE_ARCH = YES;
				SDKROOT = iphoneos;
			};
			name = Debug;
		};
		917CE982194FA984004B8054 /* Release */ = {
			isa = XCBuildConfiguration;
			buildSettings = {
				ALWAYS_SEARCH_USER_PATHS = NO;
				CLANG_CXX_LANGUAGE_STANDARD = "gnu++0x";
				CLANG_CXX_LIBRARY = "libc++";
				CLANG_ENABLE_MODULES = YES;
				CLANG_ENABLE_OBJC_ARC = YES;
				CLANG_WARN_BOOL_CONVERSION = YES;
				CLANG_WARN_CONSTANT_CONVERSION = YES;
				CLANG_WARN_DIRECT_OBJC_ISA_USAGE = YES_ERROR;
				CLANG_WARN_EMPTY_BODY = YES;
				CLANG_WARN_ENUM_CONVERSION = YES;
				CLANG_WARN_INT_CONVERSION = YES;
				CLANG_WARN_OBJC_ROOT_CLASS = YES_ERROR;
				CLANG_WARN__DUPLICATE_METHOD_MATCH = YES;
				COPY_PHASE_STRIP = YES;
				ENABLE_NS_ASSERTIONS = NO;
				GCC_C_LANGUAGE_STANDARD = gnu99;
				GCC_WARN_64_TO_32_BIT_CONVERSION = YES;
				GCC_WARN_ABOUT_RETURN_TYPE = YES_ERROR;
				GCC_WARN_UNDECLARED_SELECTOR = YES;
				GCC_WARN_UNINITIALIZED_AUTOS = YES_AGGRESSIVE;
				GCC_WARN_UNUSED_FUNCTION = YES;
				GCC_WARN_UNUSED_VARIABLE = YES;
				IPHONEOS_DEPLOYMENT_TARGET = 7.1;
				SDKROOT = iphoneos;
				VALIDATE_PRODUCT = YES;
			};
			name = Release;
		};
		917CE984194FA984004B8054 /* Debug */ = {
			isa = XCBuildConfiguration;
			buildSettings = {
				COPY_PHASE_STRIP = NO;
				DEAD_CODE_STRIPPING = NO;
				DSTROOT = /tmp/EdmodoConnectIOS.dst;
				GCC_PRECOMPILE_PREFIX_HEADER = YES;
				GCC_PREFIX_HEADER = "EdmodoConnectIOS/EdmodoConnectIOS-Prefix.pch";
				OTHER_LDFLAGS = "-ObjC";
				PRODUCT_NAME = "$(TARGET_NAME)";
				PUBLIC_HEADERS_FOLDER_PATH = "$(PROJECT_NAME)Headers";
				SKIP_INSTALL = YES;
				STRIP_INSTALLED_PRODUCT = NO;
				STRIP_STYLE = "non-global";
				SYMROOT = $SYMROOT;
			};
			name = Debug;
		};
		917CE985194FA984004B8054 /* Release */ = {
			isa = XCBuildConfiguration;
			buildSettings = {
				COPY_PHASE_STRIP = NO;
				DEAD_CODE_STRIPPING = NO;
				DSTROOT = /tmp/EdmodoConnectIOS.dst;
				GCC_PRECOMPILE_PREFIX_HEADER = YES;
				GCC_PREFIX_HEADER = "EdmodoConnectIOS/EdmodoConnectIOS-Prefix.pch";
				OTHER_LDFLAGS = "-ObjC";
				PRODUCT_NAME = "$(TARGET_NAME)";
				PUBLIC_HEADERS_FOLDER_PATH = "$(PROJECT_NAME)Headers";
				SKIP_INSTALL = YES;
				STRIP_INSTALLED_PRODUCT = NO;
				STRIP_STYLE = "non-global";
				SYMROOT = $SYMROOT;
			};
			name = Release;
		};
		917CE987194FA984004B8054 /* Debug */ = {
			isa = XCBuildConfiguration;
			buildSettings = {
				FRAMEWORK_SEARCH_PATHS = (
					"$(SDKROOT)/Developer/Library/Frameworks",
					"$(inherited)",
					"$(DEVELOPER_FRAMEWORKS_DIR)",
				);
				GCC_PRECOMPILE_PREFIX_HEADER = YES;
				GCC_PREFIX_HEADER = "EdmodoConnectIOS/EdmodoConnectIOS-Prefix.pch";
				GCC_PREPROCESSOR_DEFINITIONS = (
					"DEBUG=1",
					"$(inherited)",
				);
				INFOPLIST_FILE = "EdmodoConnectIOSTests/EdmodoConnectIOSTests-Info.plist";
				PRODUCT_NAME = "$(TARGET_NAME)";
				WRAPPER_EXTENSION = xctest;
			};
			name = Debug;
		};
		917CE988194FA984004B8054 /* Release */ = {
			isa = XCBuildConfiguration;
			buildSettings = {
				FRAMEWORK_SEARCH_PATHS = (
					"$(SDKROOT)/Developer/Library/Frameworks",
					"$(inherited)",
					"$(DEVELOPER_FRAMEWORKS_DIR)",
				);
				GCC_PRECOMPILE_PREFIX_HEADER = YES;
				GCC_PREFIX_HEADER = "EdmodoConnectIOS/EdmodoConnectIOS-Prefix.pch";
				INFOPLIST_FILE = "EdmodoConnectIOSTests/EdmodoConnectIOSTests-Info.plist";
				PRODUCT_NAME = "$(TARGET_NAME)";
				WRAPPER_EXTENSION = xctest;
			};
			name = Release;
		};
/* End XCBuildConfiguration section */

/* Begin XCConfigurationList section */
		91242A83194FC6280008B97D /* Build configuration list for PBXAggregateTarget "Framework" */ = {
			isa = XCConfigurationList;
			buildConfigurations = (
				91242A84194FC6280008B97D /* Debug */,
				91242A85194FC6280008B97D /* Release */,
			);
			defaultConfigurationIsVisible = 0;
			defaultConfigurationName = Release;
		};
		917CE95B194FA984004B8054 /* Build configuration list for PBXProject "EdmodoConnectIOS" */ = {
			isa = XCConfigurationList;
			buildConfigurations = (
				917CE981194FA984004B8054 /* Debug */,
				917CE982194FA984004B8054 /* Release */,
			);
			defaultConfigurationIsVisible = 0;
			defaultConfigurationName = Release;
		};
		917CE983194FA984004B8054 /* Build configuration list for PBXNativeTarget "EdmodoConnectIOS" */ = {
			isa = XCConfigurationList;
			buildConfigurations = (
				917CE984194FA984004B8054 /* Debug */,
				917CE985194FA984004B8054 /* Release */,
			);
			defaultConfigurationIsVisible = 0;
			defaultConfigurationName = Release;
		};
		917CE986194FA984004B8054 /* Build configuration list for PBXNativeTarget "EdmodoConnectIOSTests" */ = {
			isa = XCConfigurationList;
			buildConfigurations = (
				917CE987194FA984004B8054 /* Debug */,
				917CE988194FA984004B8054 /* Release */,
			);
			defaultConfigurationIsVisible = 0;
			defaultConfigurationName = Release;
		};
/* End XCConfigurationList section */
	};
	rootObject = 917CE958194FA984004B8054 /* Project object */;
}
